# This file is automatically @generated by Cargo.
# It is not intended for manual editing.
version = 3

[[package]]
name = "emjay"
version = "0.1.0"
dependencies = [
 "winnow",
]

[[package]]
name = "memchr"
version = "2.7.1"
source = "registry+https://github.com/rust-lang/crates.io-index"
checksum = "523dc4f511e55ab87b694dc30d0f820d60906ef06413f93d4d7a1385599cc149"

[[package]]
name = "winnow"
version = "0.5.39"
source = "registry+https://github.com/rust-lang/crates.io-index"
checksum = "5389a154b01683d28c77f8f68f49dea75f0a4da32557a58f68ee51ebba472d29"
dependencies = [
 "memchr",
]
